
Microsoft Visual Studio Solution File, Format Version 12.00
# Visual Studio 15
VisualStudioVersion = 15.0.28307.572
MinimumVisualStudioVersion = 10.0.40219.1
Project("{FAE04EC0-301F-11D3-BF4B-00C04F79EFBC}") = "TwitterClone", "TwitterClone\TwitterClone.csproj", "{ADF11E44-E414-4EFB-BD9B-E01B8976321A}"
EndProject
Project("{9A19103F-16F7-4668-BE54-9A1E7A4F7556}") = "UnitTests", "UnitTests\UnitTests.csproj", "{49122009-3012-4FDF-A5BC-263156CD1111}"
EndProject
Project("{FAE04EC0-301F-11D3-BF4B-00C04F79EFBC}") = "TwitterConsoleInterface", "TwitterConsoleInterface\TwitterConsoleInterface.csproj", "{721BE5B7-5DA7-4EAF-A0E0-5171F9206C3F}"
EndProject
Project("{FAE04EC0-301F-11D3-BF4B-00C04F79EFBC}") = "TwitterClonePersistence", "TwitterClonePersistence\TwitterClonePersistence.csproj", "{5F4FC704-A7AE-4F3A-A890-EB7F3302033B}"
EndProject
Global
	GlobalSection(SolutionConfigurationPlatforms) = preSolution
		Debug|Any CPU = Debug|Any CPU
		Release|Any CPU = Release|Any CPU
	EndGlobalSection
	GlobalSection(ProjectConfigurationPlatforms) = postSolution
		{ADF11E44-E414-4EFB-BD9B-E01B8976321A}.Debug|Any CPU.ActiveCfg = Debug|Any CPU
		{ADF11E44-E414-4EFB-BD9B-E01B8976321A}.Debug|Any CPU.Build.0 = Debug|Any CPU
		{ADF11E44-E414-4EFB-BD9B-E01B8976321A}.Release|Any CPU.ActiveCfg = Release|Any CPU
		{ADF11E44-E414-4EFB-BD9B-E01B8976321A}.Release|Any CPU.Build.0 = Release|Any CPU
		{49122009-3012-4FDF-A5BC-263156CD1111}.Debug|Any CPU.ActiveCfg = Debug|Any CPU
		{49122009-3012-4FDF-A5BC-263156CD1111}.Debug|Any CPU.Build.0 = Debug|Any CPU
		{49122009-3012-4FDF-A5BC-263156CD1111}.Release|Any CPU.ActiveCfg = Release|Any CPU
		{49122009-3012-4FDF-A5BC-263156CD1111}.Release|Any CPU.Build.0 = Release|Any CPU
		{721BE5B7-5DA7-4EAF-A0E0-5171F9206C3F}.Debug|Any CPU.ActiveCfg = Debug|Any CPU
		{721BE5B7-5DA7-4EAF-A0E0-5171F9206C3F}.Debug|Any CPU.Build.0 = Debug|Any CPU
		{721BE5B7-5DA7-4EAF-A0E0-5171F9206C3F}.Release|Any CPU.ActiveCfg = Release|Any CPU
		{721BE5B7-5DA7-4EAF-A0E0-5171F9206C3F}.Release|Any CPU.Build.0 = Release|Any CPU
		{5F4FC704-A7AE-4F3A-A890-EB7F3302033B}.Debug|Any CPU.ActiveCfg = Debug|Any CPU
		{5F4FC704-A7AE-4F3A-A890-EB7F3302033B}.Debug|Any CPU.Build.0 = Debug|Any CPU
		{5F4FC704-A7AE-4F3A-A890-EB7F3302033B}.Release|Any CPU.ActiveCfg = Release|Any CPU
		{5F4FC704-A7AE-4F3A-A890-EB7F3302033B}.Release|Any CPU.Build.0 = Release|Any CPU
	EndGlobalSection
	GlobalSection(SolutionProperties) = preSolution
		HideSolutionNode = FALSE
	EndGlobalSection
	GlobalSection(ExtensibilityGlobals) = postSolution
		SolutionGuid = {8CBE1737-E24E-4A73-A1A4-00F51A8FE966}
	EndGlobalSection
EndGlobal
